
Microsoft Visual Studio Solution File, Format Version 12.00
# Visual Studio 15
VisualStudioVersion = 15.0.28010.2041
MinimumVisualStudioVersion = 10.0.40219.1
Project("{FAE04EC0-301F-11D3-BF4B-00C04F79EFBC}") = "Autotrader", "Autotrader\Autotrader.csproj", "{6C2DC6BE-836C-4101-9497-74CC8DFEF298}"
EndProject
Global
	GlobalSection(SolutionConfigurationPlatforms) = preSolution
		Debug|Any CPU = Debug|Any CPU
		Release|Any CPU = Release|Any CPU
	EndGlobalSection
	GlobalSection(ProjectConfigurationPlatforms) = postSolution
		{6C2DC6BE-836C-4101-9497-74CC8DFEF298}.Debug|Any CPU.ActiveCfg = Debug|Any CPU
		{6C2DC6BE-836C-4101-9497-74CC8DFEF298}.Debug|Any CPU.Build.0 = Debug|Any CPU
		{6C2DC6BE-836C-4101-9497-74CC8DFEF298}.Release|Any CPU.ActiveCfg = Release|Any CPU
		{6C2DC6BE-836C-4101-9497-74CC8DFEF298}.Release|Any CPU.Build.0 = Release|Any CPU
	EndGlobalSection
	GlobalSection(SolutionProperties) = preSolution
		HideSolutionNode = FALSE
	EndGlobalSection
	GlobalSection(ExtensibilityGlobals) = postSolution
		SolutionGuid = {14038247-9952-459C-B69D-6BED7E39E732}
	EndGlobalSection
EndGlobal
